<?xml version="1.0" encoding="utf-8"?>
<Project ToolsVersion="4.0" xmlns="http://schemas.microsoft.com/developer/msbuild/2003">
  <ItemGroup>
    <ClCompile Include="main.cpp" />
    <ClCompile Include="app\script.cpp" />
    <ClCompile Include="pch.cpp" />
    <ClCompile Include="GUI\controls\controls.cpp" />
    <ClCompile Include="GUI\draw\draw.cpp" />
    <ClCompile Include="GUI\menu\menu.cpp" />
    <ClCompile Include="GUI\buttons\buttons.cpp" />
    <ClCompile Include="app\global\player\player.cpp" />
    <ClCompile Include="app\global\entity\entity.cpp" />
    <ClCompile Include="app\global\math\math.cpp" />
    <ClCompile Include="app\feature\local\localfeatures.cpp" />
    <ClCompile Include="app\view\localview.cpp" />
    <ClCompile Include="vendor\imgui\imgui.cpp" />
    <ClCompile Include="vendor\imgui\imgui_demo.cpp" />
    <ClCompile Include="vendor\imgui\imgui_draw.cpp" />
    <ClCompile Include="vendor\imgui\imgui_impl_dx11.cpp" />
    <ClCompile Include="vendor\imgui\imgui_impl_win32.cpp" />
    <ClCompile Include="vendor\imgui\imgui_tables.cpp" />
    <ClCompile Include="vendor\imgui\imgui_widgets.cpp" />
    <ClCompile Include="core\renderer\renderer.cpp" />
    <ClCompile Include="core\logger\logger.cpp" />
    <ClCompile Include="core\memory\patterns.cpp" />
    <ClCompile Include="core\memory\nativememory.cpp" />
    <ClCompile Include="core\pool\pool.cpp" />
    <ClCompile Include="core\fs\filesystem.cpp" />
    <ClCompile Include="app\global\vehicle\vehicle.cpp" />
    <ClCompile Include="app\feature\vehiclespawner\loadvehicles.cpp" />
    <ClCompile Include="app\feature\vehiclespawner\vehiclespanwer.cpp" />
  </ItemGroup>
  <ItemGroup>
    <Filter Include="include">
      <UniqueIdentifier>{fe82bd4a-2d14-486a-8be5-8bf6b50a2414}</UniqueIdentifier>
    </Filter>
  </ItemGroup>
  <ItemGroup>
    <ClInclude Include="Script Hook V\inc\enums.h" />
    <ClInclude Include="Script Hook V\inc\main.h" />
    <ClInclude Include="Script Hook V\inc\nativeCaller.h" />
    <ClInclude Include="Script Hook V\inc\natives.h" />
    <ClInclude Include="Script Hook V\inc\types.h" />
    <ClInclude Include="core\types\vector.h" />
    <ClInclude Include="core\types\joaat.h" />
    <ClInclude Include="pch.h" />
    <ClInclude Include="GUI\controls\controls.h" />
    <ClInclude Include="GUI\draw\draw.h" />
    <ClInclude Include="GUI\menu\menu.h" />
    <ClInclude Include="GUI\buttons\buttons.h" />
    <ClInclude Include="app\global\player\player.h" />
    <ClInclude Include="app\global\entity\entity.h" />
    <ClInclude Include="app\global\math\math.h" />
    <ClInclude Include="app\feature\local\localfeatures.h" />
    <ClInclude Include="app\view\view.h" />
    <ClInclude Include="vendor\imgui\imconfig.h" />
    <ClInclude Include="vendor\imgui\imgui.h" />
    <ClInclude Include="vendor\imgui\imgui_impl_dx11.h" />
    <ClInclude Include="vendor\imgui\imgui_impl_win32.h" />
    <ClInclude Include="vendor\imgui\imgui_internal.h" />
    <ClInclude Include="vendor\imgui\imstb_rectpack.h" />
    <ClInclude Include="vendor\imgui\imstb_textedit.h" />
    <ClInclude Include="vendor\imgui\imstb_truetype.h" />
    <ClInclude Include="core\renderer\renderer.h" />
    <ClInclude Include="core\logger\logger.h" />
    <ClInclude Include="core\memory\patterns.h" />
    <ClInclude Include="core\memory\nativememory.h" />
    <ClInclude Include="core\pool\pool.h" />
    <ClInclude Include="core\fs\filesystem.h" />
    <ClInclude Include="app\global\vehicle\vehicle.h" />
    <ClInclude Include="app\feature\vehiclespawner\vehiclespawner.h" />
  </ItemGroup>
  <ItemGroup>
    <Library Include="Script Hook V\lib\ScriptHookV.lib" />
  </ItemGroup>
</Project>